<?xml version="1.0" encoding="utf-8"?>
<Project ToolsVersion="4.0" xmlns="http://schemas.microsoft.com/developer/msbuild/2003">
  <ItemGroup>
    <Filter Include="ソース ファイル">
      <UniqueIdentifier>{4FC737F1-C7A5-4376-A066-2A32D752A2FF}</UniqueIdentifier>
      <Extensions>cpp;c;cc;cxx;c++;cppm;ixx;def;odl;idl;hpj;bat;asm;asmx</Extensions>
    </Filter>
    <Filter Include="ヘッダー ファイル">
      <UniqueIdentifier>{93995380-89BD-4b04-88EB-625FBE52EBFB}</UniqueIdentifier>
      <Extensions>h;hh;hpp;hxx;h++;hm;inl;inc;ipp;xsd</Extensions>
    </Filter>
    <Filter Include="リソース ファイル">
      <UniqueIdentifier>{67DA6AB6-F800-4c08-8B7A-83BB121AAD01}</UniqueIdentifier>
      <Extensions>rc;ico;cur;bmp;dlg;rc2;rct;bin;rgs;gif;jpg;jpeg;jpe;resx;tiff;tif;png;wav;mfcribbon-ms</Extensions>
    </Filter>
    <Filter Include="ヘッダー ファイル\obj">
      <UniqueIdentifier>{5cb2d69b-8f00-46c0-964d-6cdc5a0f300a}</UniqueIdentifier>
    </Filter>
    <Filter Include="ソース ファイル\lib">
      <UniqueIdentifier>{a42eecab-607c-4d07-99e7-38d989ee7a37}</UniqueIdentifier>
    </Filter>
    <Filter Include="ヘッダー ファイル\lib">
      <UniqueIdentifier>{233af66a-8075-4e4b-ba46-81de2e8ca1d0}</UniqueIdentifier>
    </Filter>
    <Filter Include="ヘッダー ファイル\render">
      <UniqueIdentifier>{0a97a4c7-de39-4f74-bbb8-782b93425d60}</UniqueIdentifier>
    </Filter>
    <Filter Include="ソース ファイル\render">
      <UniqueIdentifier>{c2e1aafb-67a4-4d85-b91c-4ecebb9e9904}</UniqueIdentifier>
    </Filter>
    <Filter Include="ソース ファイル\scenes">
      <UniqueIdentifier>{6fbcbbd2-2b8f-4717-91a2-fc66fcc3975d}</UniqueIdentifier>
    </Filter>
    <Filter Include="ヘッダー ファイル\scenes">
      <UniqueIdentifier>{7217119c-04d1-4732-b3fd-3ada644ebff2}</UniqueIdentifier>
    </Filter>
    <Filter Include="ヘッダー ファイル\test">
      <UniqueIdentifier>{e6119f37-f78d-4f0a-bef1-37cd260ee1e2}</UniqueIdentifier>
    </Filter>
    <Filter Include="ヘッダー ファイル\app">
      <UniqueIdentifier>{51e1598a-8fbb-45c7-b7bb-b747c00bc552}</UniqueIdentifier>
    </Filter>
    <Filter Include="ソース ファイル\app">
      <UniqueIdentifier>{1753a307-b4d4-4fc5-af11-82a35399336e}</UniqueIdentifier>
    </Filter>
    <Filter Include="ソース ファイル\test">
      <UniqueIdentifier>{e52e8750-be70-4674-8e79-13f0c4d758f8}</UniqueIdentifier>
    </Filter>
    <Filter Include="ソース ファイル\math_collision">
      <UniqueIdentifier>{95dd6054-31a9-475e-85d0-d02a5ba2c783}</UniqueIdentifier>
    </Filter>
    <Filter Include="ソース ファイル\Message">
      <UniqueIdentifier>{1e577193-b1e7-48c2-a40d-1b245fd3ae1c}</UniqueIdentifier>
    </Filter>
    <Filter Include="ヘッダー ファイル\Message">
      <UniqueIdentifier>{2f36c4c5-b955-45d4-ab6d-229a337756da}</UniqueIdentifier>
    </Filter>
    <Filter Include="ソース ファイル\Stage">
      <UniqueIdentifier>{8d03db5b-fee8-428e-af38-f7bccdb10c94}</UniqueIdentifier>
    </Filter>
    <Filter Include="ヘッダー ファイル\Stage">
      <UniqueIdentifier>{8af5e1c1-cad2-4b3a-9c44-20cc9f313062}</UniqueIdentifier>
    </Filter>
    <Filter Include="ソース ファイル\obj">
      <UniqueIdentifier>{992c08d4-c0dd-44d9-aa7c-ef4af91fdf2e}</UniqueIdentifier>
    </Filter>
  </ItemGroup>
  <ItemGroup>
    <ClCompile Include="Camera.cpp">
      <Filter>ソース ファイル</Filter>
    </ClCompile>
    <ClCompile Include="stb_image.cpp">
      <Filter>ソース ファイル\lib</Filter>
    </ClCompile>
    <ClCompile Include="Shader.cpp">
      <Filter>ソース ファイル\render</Filter>
    </ClCompile>
    <ClCompile Include="Renderer.cpp">
      <Filter>ソース ファイル\render</Filter>
    </ClCompile>
    <ClCompile Include="Object.cpp">
      <Filter>ソース ファイル\obj</Filter>
    </ClCompile>
    <ClCompile Include="Texture.cpp">
      <Filter>ソース ファイル\render</Filter>
    </ClCompile>
    <ClCompile Include="StaticMesh.cpp">
      <Filter>ソース ファイル\lib</Filter>
    </ClCompile>
    <ClCompile Include="AssimpPerse.cpp">
      <Filter>ソース ファイル\lib</Filter>
    </ClCompile>
    <ClCompile Include="utility.cpp">
      <Filter>ソース ファイル\lib</Filter>
    </ClCompile>
    <ClCompile Include="GameOverScene.cpp">
      <Filter>ソース ファイル\scenes</Filter>
    </ClCompile>
    <ClCompile Include="Stage1Scene.cpp">
      <Filter>ソース ファイル\scenes</Filter>
    </ClCompile>
    <ClCompile Include="TitleScene.cpp">
      <Filter>ソース ファイル\scenes</Filter>
    </ClCompile>
    <ClCompile Include="Scene.cpp">
      <Filter>ソース ファイル\scenes</Filter>
    </ClCompile>
    <ClCompile Include="Texture2D.cpp">
      <Filter>ソース ファイル\obj</Filter>
    </ClCompile>
    <ClCompile Include="TitleBG.cpp">
      <Filter>ソース ファイル\obj</Filter>
    </ClCompile>
    <ClCompile Include="slikWall.cpp">
      <Filter>ソース ファイル\obj</Filter>
    </ClCompile>
    <ClCompile Include="Field.cpp">
      <Filter>ソース ファイル\obj</Filter>
    </ClCompile>
    <ClCompile Include="playerHand.cpp">
      <Filter>ソース ファイル\obj</Filter>
    </ClCompile>
    <ClCompile Include="EnemyBase.cpp">
      <Filter>ソース ファイル\obj</Filter>
    </ClCompile>
    <ClCompile Include="Shrinemaiden.cpp">
      <Filter>ソース ファイル\obj</Filter>
    </ClCompile>
    <ClCompile Include="Enemy1.cpp">
      <Filter>ソース ファイル\obj</Filter>
    </ClCompile>
    <ClCompile Include="Application.cpp">
      <Filter>ソース ファイル\app</Filter>
    </ClCompile>
    <ClCompile Include="Game.cpp">
      <Filter>ソース ファイル\app</Filter>
    </ClCompile>
    <ClCompile Include="input.cpp">
      <Filter>ソース ファイル\app</Filter>
    </ClCompile>
    <ClCompile Include="main.cpp">
      <Filter>ソース ファイル\app</Filter>
    </ClCompile>
    <ClCompile Include="sound.cpp">
      <Filter>ソース ファイル\app</Filter>
    </ClCompile>
    <ClCompile Include="TestCube.cpp">
      <Filter>ソース ファイル\test</Filter>
    </ClCompile>
    <ClCompile Include="TestPlane.cpp">
      <Filter>ソース ファイル\test</Filter>
    </ClCompile>
    <ClCompile Include="EnemyMayu.cpp">
      <Filter>ソース ファイル\obj</Filter>
    </ClCompile>
    <ClCompile Include="Collision.cpp">
      <Filter>ソース ファイル\math_collision</Filter>
    </ClCompile>
    <ClCompile Include="TriangleSilk.cpp">
      <Filter>ソース ファイル\math_collision</Filter>
    </ClCompile>
    <ClCompile Include="MessageManager.cpp">
      <Filter>ソース ファイル\Message</Filter>
    </ClCompile>
    <ClCompile Include="MessageUI.cpp">
      <Filter>ソース ファイル\Message</Filter>
    </ClCompile>
    <ClCompile Include="TalkCharacter.cpp">
      <Filter>ソース ファイル\Message</Filter>
    </ClCompile>
    <ClCompile Include="MessageText.cpp">
      <Filter>ソース ファイル\Message</Filter>
    </ClCompile>
    <ClCompile Include="MessagePage.cpp">
      <Filter>ソース ファイル\Message</Filter>
    </ClCompile>
    <ClCompile Include="Enemy4.cpp">
      <Filter>ソース ファイル\obj</Filter>
    </ClCompile>
    <ClCompile Include="Enemy2.cpp">
      <Filter>ソース ファイル\obj</Filter>
    </ClCompile>
    <ClCompile Include="StageBase.cpp">
      <Filter>ソース ファイル\Stage</Filter>
    </ClCompile>
    <ClCompile Include="Stage1.cpp">
      <Filter>ソース ファイル\Stage</Filter>
    </ClCompile>
    <ClCompile Include="Stage2.cpp">
      <Filter>ソース ファイル\Stage</Filter>
    </ClCompile>
    <ClCompile Include="Stage3.cpp">
      <Filter>ソース ファイル\Stage</Filter>
    </ClCompile>
    <ClCompile Include="Stage4.cpp">
      <Filter>ソース ファイル\Stage</Filter>
    </ClCompile>
    <ClCompile Include="Stage5.cpp">
      <Filter>ソース ファイル\Stage</Filter>
    </ClCompile>
    <ClCompile Include="Stage0.cpp">
      <Filter>ソース ファイル\Stage</Filter>
    </ClCompile>
    <ClCompile Include="Stage6.cpp">
      <Filter>ソース ファイル\Stage</Filter>
    </ClCompile>
    <ClCompile Include="Stage7.cpp">
      <Filter>ソース ファイル\Stage</Filter>
    </ClCompile>
    <ClCompile Include="Stage8.cpp">
      <Filter>ソース ファイル\Stage</Filter>
    </ClCompile>
    <ClCompile Include="Stage9.cpp">
      <Filter>ソース ファイル\Stage</Filter>
    </ClCompile>
    <ClCompile Include="Stage10.cpp">
      <Filter>ソース ファイル\Stage</Filter>
    </ClCompile>
    <ClCompile Include="StartScene.cpp">
      <Filter>ソース ファイル\scenes</Filter>
    </ClCompile>
    <ClCompile Include="ModeSelectScene.cpp">
      <Filter>ソース ファイル\scenes</Filter>
    </ClCompile>
    <ClCompile Include="Enemy3.cpp">
      <Filter>ソース ファイル\obj</Filter>
    </ClCompile>
    <ClCompile Include="StageSelectScene.cpp">
      <Filter>ソース ファイル\scenes</Filter>
    </ClCompile>
    <ClCompile Include="Select.cpp">
      <Filter>ソース ファイル\obj</Filter>
    </ClCompile>
    <ClCompile Include="UI_redSilk.cpp">
      <Filter>ソース ファイル\obj</Filter>
    </ClCompile>
    <ClCompile Include="UI_mikoHp.cpp">
      <Filter>ソース ファイル\obj</Filter>
    </ClCompile>
    <ClCompile Include="Hashira.cpp">
      <Filter>ソース ファイル\obj</Filter>
    </ClCompile>
    <ClCompile Include="UI_control.cpp">
      <Filter>ソース ファイル\obj</Filter>
    </ClCompile>
  </ItemGroup>
  <ItemGroup>
    <ClInclude Include="Camera.h">
      <Filter>ヘッダー ファイル</Filter>
    </ClInclude>
    <ClInclude Include="TestCube.h">
      <Filter>ヘッダー ファイル\obj</Filter>
    </ClInclude>
    <ClInclude Include="TestPlane.h">
      <Filter>ヘッダー ファイル\obj</Filter>
    </ClInclude>
    <ClInclude Include="IndexBuffer.h">
      <Filter>ヘッダー ファイル\render</Filter>
    </ClInclude>
    <ClInclude Include="VertexBuffer.h">
      <Filter>ヘッダー ファイル\render</Filter>
    </ClInclude>
    <ClInclude Include="Texture.h">
      <Filter>ヘッダー ファイル\render</Filter>
    </ClInclude>
    <ClInclude Include="Shader.h">
      <Filter>ヘッダー ファイル\render</Filter>
    </ClInclude>
    <ClInclude Include="Renderer.h">
      <Filter>ヘッダー ファイル\render</Filter>
    </ClInclude>
    <ClInclude Include="stb_image.h">
      <Filter>ヘッダー ファイル\lib</Filter>
    </ClInclude>
    <ClInclude Include="Object.h">
      <Filter>ヘッダー ファイル\obj</Filter>
    </ClInclude>
    <ClInclude Include="AssimpPerse.h">
      <Filter>ヘッダー ファイル\lib</Filter>
    </ClInclude>
    <ClInclude Include="StaticMesh.h">
      <Filter>ヘッダー ファイル\lib</Filter>
    </ClInclude>
    <ClInclude Include="utility.h">
      <Filter>ヘッダー ファイル\lib</Filter>
    </ClInclude>
    <ClInclude Include="Mesh.h">
      <Filter>ヘッダー ファイル\render</Filter>
    </ClInclude>
    <ClInclude Include="Material.h">
      <Filter>ヘッダー ファイル\render</Filter>
    </ClInclude>
    <ClInclude Include="MeshRenderer.h">
      <Filter>ヘッダー ファイル\render</Filter>
    </ClInclude>
    <ClInclude Include="GameOverScene.h">
      <Filter>ヘッダー ファイル\scenes</Filter>
    </ClInclude>
    <ClInclude Include="Scene.h">
      <Filter>ヘッダー ファイル\scenes</Filter>
    </ClInclude>
    <ClInclude Include="Stage1Scene.h">
      <Filter>ヘッダー ファイル\scenes</Filter>
    </ClInclude>
    <ClInclude Include="TitleScene.h">
      <Filter>ヘッダー ファイル\scenes</Filter>
    </ClInclude>
    <ClInclude Include="Texture2D.h">
      <Filter>ヘッダー ファイル\obj</Filter>
    </ClInclude>
    <ClInclude Include="TitleBG.h">
      <Filter>ヘッダー ファイル\obj</Filter>
    </ClInclude>
    <ClInclude Include="silkWall.h">
      <Filter>ヘッダー ファイル\obj</Filter>
    </ClInclude>
    <ClInclude Include="Field.h">
      <Filter>ヘッダー ファイル\obj</Filter>
    </ClInclude>
    <ClInclude Include="Test_melonlemon13.h">
      <Filter>ヘッダー ファイル\test</Filter>
    </ClInclude>
    <ClInclude Include="Test kawaguchi.h">
      <Filter>ヘッダー ファイル\test</Filter>
    </ClInclude>
    <ClInclude Include="Test_TR.h">
      <Filter>ヘッダー ファイル\test</Filter>
    </ClInclude>
    <ClInclude Include="playerHand.h">
      <Filter>ヘッダー ファイル\obj</Filter>
    </ClInclude>
    <ClInclude Include="EnemyBase.h">
      <Filter>ヘッダー ファイル\obj</Filter>
    </ClInclude>
    <ClInclude Include="Shrinemaiden.h">
      <Filter>ヘッダー ファイル\obj</Filter>
    </ClInclude>
    <ClInclude Include="Enemy1.h">
      <Filter>ヘッダー ファイル\obj</Filter>
    </ClInclude>
    <ClInclude Include="ObjectType.h">
      <Filter>ヘッダー ファイル\obj</Filter>
    </ClInclude>
    <ClInclude Include="DeBugLine2D.h">
      <Filter>ヘッダー ファイル\render</Filter>
    </ClInclude>
    <ClInclude Include="Application.h">
      <Filter>ヘッダー ファイル\app</Filter>
    </ClInclude>
    <ClInclude Include="Game.h">
      <Filter>ヘッダー ファイル\app</Filter>
    </ClInclude>
    <ClInclude Include="input.h">
      <Filter>ヘッダー ファイル\app</Filter>
    </ClInclude>
    <ClInclude Include="main.h">
      <Filter>ヘッダー ファイル\app</Filter>
    </ClInclude>
    <ClInclude Include="sound.h">
      <Filter>ヘッダー ファイル\app</Filter>
    </ClInclude>
    <ClInclude Include="Character.h">
      <Filter>ヘッダー ファイル\obj</Filter>
    </ClInclude>
    <ClInclude Include="EnemyMayu.h">
      <Filter>ヘッダー ファイル\obj</Filter>
    </ClInclude>
    <ClInclude Include="TriangleSilk.h">
      <Filter>ソース ファイル\math_collision</Filter>
    </ClInclude>
    <ClInclude Include="Collision.h">
      <Filter>ソース ファイル\math_collision</Filter>
    </ClInclude>
    <ClInclude Include="MessageManager.h">
      <Filter>ヘッダー ファイル\Message</Filter>
    </ClInclude>
    <ClInclude Include="TalkCharacter.h">
      <Filter>ヘッダー ファイル\Message</Filter>
    </ClInclude>
    <ClInclude Include="MessageUI.h">
      <Filter>ヘッダー ファイル\Message</Filter>
    </ClInclude>
    <ClInclude Include="MessageText.h">
      <Filter>ヘッダー ファイル\Message</Filter>
    </ClInclude>
    <ClInclude Include="MessagePage.h">
      <Filter>ヘッダー ファイル\Message</Filter>
    </ClInclude>
    <ClInclude Include="Enemy4.h">
      <Filter>ヘッダー ファイル\obj</Filter>
    </ClInclude>
    <ClInclude Include="Enemy2.h">
      <Filter>ヘッダー ファイル\obj</Filter>
    </ClInclude>
    <ClInclude Include="Stage1.h">
      <Filter>ヘッダー ファイル\Stage</Filter>
    </ClInclude>
    <ClInclude Include="StageBase.h">
      <Filter>ヘッダー ファイル\Stage</Filter>
    </ClInclude>
    <ClInclude Include="EnemyType.h">
      <Filter>ヘッダー ファイル\obj</Filter>
    </ClInclude>
    <ClInclude Include="Stage2.h">
      <Filter>ヘッダー ファイル\Stage</Filter>
    </ClInclude>
    <ClInclude Include="Stage3.h">
      <Filter>ヘッダー ファイル\Stage</Filter>
    </ClInclude>
    <ClInclude Include="Stage4.h">
      <Filter>ヘッダー ファイル\Stage</Filter>
    </ClInclude>
    <ClInclude Include="Stage5.h">
      <Filter>ヘッダー ファイル\Stage</Filter>
    </ClInclude>
    <ClInclude Include="Stage0.h">
      <Filter>ヘッダー ファイル\Stage</Filter>
    </ClInclude>
    <ClInclude Include="Stage6.h">
      <Filter>ヘッダー ファイル\Stage</Filter>
    </ClInclude>
    <ClInclude Include="Stage7.h">
      <Filter>ヘッダー ファイル\Stage</Filter>
    </ClInclude>
    <ClInclude Include="Stage8.h">
      <Filter>ヘッダー ファイル\Stage</Filter>
    </ClInclude>
    <ClInclude Include="Stage9.h">
      <Filter>ヘッダー ファイル\Stage</Filter>
    </ClInclude>
    <ClInclude Include="Stage10.h">
      <Filter>ヘッダー ファイル\Stage</Filter>
    </ClInclude>
    <ClInclude Include="StartScene.h">
      <Filter>ヘッダー ファイル\scenes</Filter>
    </ClInclude>
    <ClInclude Include="ModeSelectScene.h">
      <Filter>ヘッダー ファイル\scenes</Filter>
    </ClInclude>
    <ClInclude Include="Enemy3.h">
      <Filter>ヘッダー ファイル\obj</Filter>
    </ClInclude>
    <ClInclude Include="StageSelectScene.h">
      <Filter>ヘッダー ファイル\scenes</Filter>
    </ClInclude>
    <ClInclude Include="SelectBG.h">
      <Filter>ヘッダー ファイル\obj</Filter>
    </ClInclude>
    <ClInclude Include="UI_redSilk.h">
      <Filter>ヘッダー ファイル\obj</Filter>
    </ClInclude>
    <ClInclude Include="UI_mikoHp.h">
      <Filter>ヘッダー ファイル\obj</Filter>
    </ClInclude>
    <ClInclude Include="Hashira.h">
      <Filter>ヘッダー ファイル\obj</Filter>
    </ClInclude>
    <ClInclude Include="UI_control.h">
      <Filter>ヘッダー ファイル\obj</Filter>
    </ClInclude>
  </ItemGroup>
  <ItemGroup>
    <FxCompile Include="shader\common.hlsl">
      <Filter>リソース ファイル</Filter>
    </FxCompile>
    <FxCompile Include="shader\unlitTexturePS.hlsl">
      <Filter>リソース ファイル</Filter>
    </FxCompile>
    <FxCompile Include="shader\unlitTextureVS.hlsl">
      <Filter>リソース ファイル</Filter>
    </FxCompile>
    <FxCompile Include="shader\litTexturePS.hlsl">
      <Filter>リソース ファイル</Filter>
    </FxCompile>
    <FxCompile Include="shader\litTextureVS.hlsl">
      <Filter>リソース ファイル</Filter>
    </FxCompile>
  </ItemGroup>
  <ItemGroup>
    <Manifest Include="app.manifest" />
  </ItemGroup>
</Project>